
Microsoft Visual Studio Solution File, Format Version 12.00
# Visual Studio Version 16
VisualStudioVersion = 16.0.31005.135
MinimumVisualStudioVersion = 10.0.40219.1
Project("{FAE04EC0-301F-11D3-BF4B-00C04F79EFBC}") = "ProjectOne", "ProjectOne.csproj", "{090F98EC-7CC6-4D02-B0BC-0F77911ED7AF}"
EndProject
Global
	GlobalSection(SolutionConfigurationPlatforms) = preSolution
		Debug|Any CPU = Debug|Any CPU
		Release|Any CPU = Release|Any CPU
	EndGlobalSection
	GlobalSection(ProjectConfigurationPlatforms) = postSolution
		{090F98EC-7CC6-4D02-B0BC-0F77911ED7AF}.Debug|Any CPU.ActiveCfg = Debug|Any CPU
		{090F98EC-7CC6-4D02-B0BC-0F77911ED7AF}.Debug|Any CPU.Build.0 = Debug|Any CPU
		{090F98EC-7CC6-4D02-B0BC-0F77911ED7AF}.Release|Any CPU.ActiveCfg = Release|Any CPU
		{090F98EC-7CC6-4D02-B0BC-0F77911ED7AF}.Release|Any CPU.Build.0 = Release|Any CPU
	EndGlobalSection
	GlobalSection(SolutionProperties) = preSolution
		HideSolutionNode = FALSE
	EndGlobalSection
	GlobalSection(ExtensibilityGlobals) = postSolution
		SolutionGuid = {44EBABCF-992A-44EC-8CDA-E6790B863504}
	EndGlobalSection
EndGlobal
